
Microsoft Visual Studio Solution File, Format Version 11.00
# Visual Studio 2010
Project("{E24C65DC-7377-472B-9ABA-BC803B73C61A}") = "Helpdesk", "D:\FinalPav2\final\Helpdesk", "{5EADA391-5D91-485A-AEE0-E0E773F2A11A}"
	ProjectSection(WebsiteProperties) = preProject
		TargetFrameworkMoniker = ".NETFramework,Version%3Dv4.0"
		Debug.AspNetCompiler.VirtualPath = "/Helpdesk(1)"
		Debug.AspNetCompiler.PhysicalPath = "D:\FinalPav2\final\Helpdesk\"
		Debug.AspNetCompiler.TargetPath = "PrecompiledWeb\Helpdesk(1)\"
		Debug.AspNetCompiler.Updateable = "true"
		Debug.AspNetCompiler.ForceOverwrite = "true"
		Debug.AspNetCompiler.FixedNames = "false"
		Debug.AspNetCompiler.Debug = "True"
		Release.AspNetCompiler.VirtualPath = "/Helpdesk(1)"
		Release.AspNetCompiler.PhysicalPath = "D:\FinalPav2\final\Helpdesk\"
		Release.AspNetCompiler.TargetPath = "PrecompiledWeb\Helpdesk(1)\"
		Release.AspNetCompiler.Updateable = "true"
		Release.AspNetCompiler.ForceOverwrite = "true"
		Release.AspNetCompiler.FixedNames = "false"
		Release.AspNetCompiler.Debug = "False"
		VWDPort = "4420"
	EndProjectSection
EndProject
Global
	GlobalSection(SolutionConfigurationPlatforms) = preSolution
		Debug|Any CPU = Debug|Any CPU
	EndGlobalSection
	GlobalSection(ProjectConfigurationPlatforms) = postSolution
		{5EADA391-5D91-485A-AEE0-E0E773F2A11A}.Debug|Any CPU.ActiveCfg = Debug|Any CPU
		{5EADA391-5D91-485A-AEE0-E0E773F2A11A}.Debug|Any CPU.Build.0 = Debug|Any CPU
	EndGlobalSection
	GlobalSection(SolutionProperties) = preSolution
		HideSolutionNode = FALSE
	EndGlobalSection
EndGlobal
